# --------------------------------------------------------------------------
#
# MiSTer project
#
# WARNING WARNING WARNING:
# Do not add files to project in Quartus IDE! It will mess this file!
# Add the files manually to files.qip file.
#
# --------------------------------------------------------------------------

set_global_assignment -name TOP_LEVEL_ENTITY sys_top
set_global_assignment -name PARTITION_NETLIST_TYPE SOURCE -section_id Top
set_global_assignment -name PARTITION_FITTER_PRESERVATION_LEVEL PLACEMENT_AND_ROUTING -section_id Top
set_global_assignment -name PARTITION_COLOR 16764057 -section_id Top

set_global_assignment -name LAST_QUARTUS_VERSION "17.0.2 Lite Edition"

set_global_assignment -name GENERATE_RBF_FILE ON
set_global_assignment -name PROJECT_OUTPUT_DIRECTORY output_files
set_global_assignment -name NUM_PARALLEL_PROCESSORS ALL
set_global_assignment -name SAVE_DISK_SPACE OFF
set_global_assignment -name SMART_RECOMPILE ON
set_global_assignment -name MIN_CORE_JUNCTION_TEMP "-40"
set_global_assignment -name MAX_CORE_JUNCTION_TEMP 100
set_global_assignment -name POWER_PRESET_COOLING_SOLUTION "23 MM HEAT SINK WITH 200 LFPM AIRFLOW"
set_global_assignment -name POWER_BOARD_THERMAL_MODEL "NONE (CONSERVATIVE)"
set_global_assignment -name TIMEQUEST_MULTICORNER_ANALYSIS OFF
set_global_assignment -name OPTIMIZE_POWER_DURING_FITTING OFF
set_global_assignment -name FINAL_PLACEMENT_OPTIMIZATION ALWAYS
set_global_assignment -name FITTER_EFFORT "STANDARD FIT"
set_global_assignment -name FITTER_AGGRESSIVE_ROUTABILITY_OPTIMIZATION ALWAYS
set_global_assignment -name OPTIMIZATION_MODE BALANCED
set_global_assignment -name ALLOW_POWER_UP_DONT_CARE ON
set_global_assignment -name QII_AUTO_PACKED_REGISTERS NORMAL
set_global_assignment -name ROUTER_LCELL_INSERTION_AND_LOGIC_DUPLICATION ON
set_global_assignment -name PHYSICAL_SYNTHESIS_COMBO_LOGIC ON
set_global_assignment -name PHYSICAL_SYNTHESIS_REGISTER_DUPLICATION OFF
set_global_assignment -name PHYSICAL_SYNTHESIS_REGISTER_RETIMING ON
set_global_assignment -name OPTIMIZATION_TECHNIQUE SPEED
set_global_assignment -name MUX_RESTRUCTURE ON
set_global_assignment -name REMOVE_REDUNDANT_LOGIC_CELLS ON
set_global_assignment -name AUTO_DELAY_CHAINS_FOR_HIGH_FANOUT_INPUT_PINS ON
set_global_assignment -name PHYSICAL_SYNTHESIS_COMBO_LOGIC_FOR_AREA ON
set_global_assignment -name ADV_NETLIST_OPT_SYNTH_WYSIWYG_REMAP ON
set_global_assignment -name SYNTH_GATED_CLOCK_CONVERSION ON
set_global_assignment -name PRE_MAPPING_RESYNTHESIS ON
set_global_assignment -name ROUTER_CLOCKING_TOPOLOGY_ANALYSIS ON
set_global_assignment -name ECO_OPTIMIZE_TIMING ON
set_global_assignment -name PERIPHERY_TO_CORE_PLACEMENT_AND_ROUTING_OPTIMIZATION ON
set_global_assignment -name PHYSICAL_SYNTHESIS_ASYNCHRONOUS_SIGNAL_PIPELINING ON
set_global_assignment -name ALM_REGISTER_PACKING_EFFORT LOW
set_global_assignment -name SEED 1

# M10K diet (optimize-core 2026-08-07, ported from the MacIIvi/MacLC m10k-repack
# campaign): stop Q17 from converting pipeline delay lines into altshift_taps
# M10Ks at 1-3% fill (ascal o_vpix, shadowmask vid, vga_out din1, yc phase ≈5
# blocks here). MUST be global — Q17's shift-taps conversion works a global
# budget, so per-instance pins just roll the block onto the next candidate
# (MacIIvi.qsf:396-410, three failed per-instance attempts documented).
# Cost: a few hundred registers. Framework constrained from our qsf; sys/ untouched.
set_global_assignment -name AUTO_SHIFT_REGISTER_RECOGNITION OFF

#set_global_assignment -name VERILOG_MACRO "MISTER_FB=1"

#enable it only if 8bit indexed mode is used in core
#set_global_assignment -name VERILOG_MACRO "MISTER_FB_PALETTE=1"

#do not enable DEBUG_NOHDMI in release!
#set_global_assignment -name VERILOG_MACRO "MISTER_DEBUG_NOHDMI=1"

# Disable SignalTap (removes auto_signaltap_0 critical warning)
set_global_assignment -name ENABLE_SIGNALTAP OFF

# Early-boot CPU-wedge probe (rtl/dbg_wedge.sv, 6 JTAG probes). Diagnostic only
# — remove this line for a probe-free release build. Does NOT enable dbg_min.
# 2026-06-13: RE-ENABLED — the SDRAM-init fix cleared the Finder "illegal
# instruction" bomb (dbg_coldinit: ROM sum OK, 0 PLL unlocks, healthy boot), but
# boot now HANGS at the gray desktop (a later, previously-masked stall; the scc
# LocalTalk ltlk fix is already in). Need PADR/PACT/PSTA to read the stuck PC.
# 2026-06-14 (s3): DISABLED — the probe is RUNTIME-BLIND (keys off the SDRAM slot
# handshake that stops at turbo; proven this session, see handoff_fline_fpu_timing
# round-2). Board-free STA census shows all 31 failing setup paths are FSM/bus/
# clkena-paced false-positives ⇒ the F-line bomb is timing-LOTTERY-sensitive.
# Removing these 5 JTAG probes is the biggest safe timing-relief lever (frees
# logic + ISSP routing congestion) and yields the shippable config. Re-add for HW
# probing only.
# 2026-08-07 (optimize-core): OFF for the resource diet — wedge deck 855 ALMs +
# sld_hub 283 + coldinit 256 ≈ 1.4K ALMs. The debug cones stay pinned by the
# always-on marginality anchor in LBMacTwo.sv (MacLC 4dfb463 law: probes-off
# fits corrupted SCSI reads on HW with STA met; the anchor is the proven cure).
#set_global_assignment -name VERILOG_MACRO "DBG_WEDGE=1"

# 2026-06-15: FPU CIR-state runtime probe (rtl: LBMacTwo.sv p_fpcs reading
# fpu_dbg_cir_state). Read-only, ~1 ISSP probe, reuses dbg_coldinit's JTAG hub.
# Diagnoses the SimpleText-launch hard lock: is the FPU wedged in CIR_EXECUTE (a
# stuck arith op) or CIR_RESTORE_FRAME/CIR_SAVE (a stuck FSAVE/FRESTORE context-
# switch)? Read with scripts/read_fpu.tcl. Remove this line for a clean build.
#set_global_assignment -name VERILOG_MACRO "DBG_FPU=1"

# disable bilinear filtering when downscaling
#set_global_assignment -name VERILOG_MACRO "MISTER_DOWNSCALE_NN=1"

# disable adaptive scanline filtering
#set_global_assignment -name VERILOG_MACRO "MISTER_DISABLE_ADAPTIVE=1"

#use only 1MB per frame for scaler to free ~21MB DDR3 RAM
#set_global_assignment -name VERILOG_MACRO "MISTER_SMALL_VBUF=1"

# Disable YC / Composite output to save some resources
#set_global_assignment -name VERILOG_MACRO "MISTER_DISABLE_YC=1"

# Disable ALSA audio output to save some resources
#set_global_assignment -name VERILOG_MACRO "MISTER_DISABLE_ALSA=1"

source sys/sys.tcl
source sys/sys_analog.tcl
source files.qip
set_instance_assignment -name PARTITION_HIERARCHY root_partition -to | -section_id Top

